Microsoft Visual Studio Solution File, Format Version 12.00
# Visual Studio 15
Project("{2150E333-8FDC-42A3-9474-1A3956D46DE8}") = "3rd Party", "3rd Party", "{E18A4B5E-AFDA-3764-90F3-9E9F56AFCC2D}"
EndProject
Project("{2150E333-8FDC-42A3-9474-1A3956D46DE8}") = "CMakePredefinedTargets", "CMakePredefinedTargets", "{A8E5ABF1-38FC-3518-9C05-5D978FD10B95}"
EndProject
Project("{2150E333-8FDC-42A3-9474-1A3956D46DE8}") = "Examples", "Examples", "{4B2B83D1-3E89-31CD-B384-D25E3AD01148}"
EndProject
Project("{2150E333-8FDC-42A3-9474-1A3956D46DE8}") = "Library", "Library", "{E91D0DDF-00B7-333E-B8F7-1E33BB419C94}"
EndProject
Project("{8BC9CEB8-8B4A-11D0-8D11-00A0C91BC942}") = "ALL_BUILD", "ALL_BUILD.vcxproj", "{9A4F93C6-E41F-33D9-86FA-1C7BBB55156A}"
	ProjectSection(ProjectDependencies) = postProject
		{A6648125-4CB2-363F-88E2-4511EB1796DB} = {A6648125-4CB2-363F-88E2-4511EB1796DB}
		{E13096B7-C062-33D3-A5E2-A30416AA4539} = {E13096B7-C062-33D3-A5E2-A30416AA4539}
	EndProjectSection
EndProject
Project("{8BC9CEB8-8B4A-11D0-8D11-00A0C91BC942}") = "INSTALL", "INSTALL.vcxproj", "{3845FCF0-FF7F-371A-81A0-5003479C64FA}"
	ProjectSection(ProjectDependencies) = postProject
		{9A4F93C6-E41F-33D9-86FA-1C7BBB55156A} = {9A4F93C6-E41F-33D9-86FA-1C7BBB55156A}
		{A6648125-4CB2-363F-88E2-4511EB1796DB} = {A6648125-4CB2-363F-88E2-4511EB1796DB}
	EndProjectSection
EndProject
Project("{8BC9CEB8-8B4A-11D0-8D11-00A0C91BC942}") = "ZERO_CHECK", "..\..\\ZERO_CHECK.vcxproj", "{A6648125-4CB2-363F-88E2-4511EB1796DB}"
	ProjectSection(ProjectDependencies) = postProject
	EndProjectSection
EndProject
Project("{8BC9CEB8-8B4A-11D0-8D11-00A0C91BC942}") = "glfw3", "..\..\third-party\glfw\glfw3.vcxproj", "{51FFF3C2-C8C2-33E4-8BE3-10A9F9D2770A}"
	ProjectSection(ProjectDependencies) = postProject
		{A6648125-4CB2-363F-88E2-4511EB1796DB} = {A6648125-4CB2-363F-88E2-4511EB1796DB}
	EndProjectSection
EndProject
Project("{8BC9CEB8-8B4A-11D0-8D11-00A0C91BC942}") = "realsense-file", "..\..\third-party\realsense-file\realsense-file.vcxproj", "{A066215C-46D4-3314-8603-2D488297FAF8}"
	ProjectSection(ProjectDependencies) = postProject
		{A6648125-4CB2-363F-88E2-4511EB1796DB} = {A6648125-4CB2-363F-88E2-4511EB1796DB}
	EndProjectSection
EndProject
Project("{8BC9CEB8-8B4A-11D0-8D11-00A0C91BC942}") = "realsense2", "..\..\\realsense2.vcxproj", "{FE46B63C-F1E8-3438-8B50-4488ABB07189}"
	ProjectSection(ProjectDependencies) = postProject
		{A6648125-4CB2-363F-88E2-4511EB1796DB} = {A6648125-4CB2-363F-88E2-4511EB1796DB}
		{A066215C-46D4-3314-8603-2D488297FAF8} = {A066215C-46D4-3314-8603-2D488297FAF8}
	EndProjectSection
EndProject
Project("{8BC9CEB8-8B4A-11D0-8D11-00A0C91BC942}") = "rs-record-playback", "rs-record-playback.vcxproj", "{E13096B7-C062-33D3-A5E2-A30416AA4539}"
	ProjectSection(ProjectDependencies) = postProject
		{A6648125-4CB2-363F-88E2-4511EB1796DB} = {A6648125-4CB2-363F-88E2-4511EB1796DB}
		{51FFF3C2-C8C2-33E4-8BE3-10A9F9D2770A} = {51FFF3C2-C8C2-33E4-8BE3-10A9F9D2770A}
		{FE46B63C-F1E8-3438-8B50-4488ABB07189} = {FE46B63C-F1E8-3438-8B50-4488ABB07189}
	EndProjectSection
EndProject
Global
	GlobalSection(SolutionConfigurationPlatforms) = preSolution
		Debug|x64 = Debug|x64
		Release|x64 = Release|x64
		MinSizeRel|x64 = MinSizeRel|x64
		RelWithDebInfo|x64 = RelWithDebInfo|x64
	EndGlobalSection
	GlobalSection(ProjectConfigurationPlatforms) = postSolution
		{9A4F93C6-E41F-33D9-86FA-1C7BBB55156A}.Debug|x64.ActiveCfg = Debug|x64
		{9A4F93C6-E41F-33D9-86FA-1C7BBB55156A}.Debug|x64.Build.0 = Debug|x64
		{9A4F93C6-E41F-33D9-86FA-1C7BBB55156A}.Release|x64.ActiveCfg = Release|x64
		{9A4F93C6-E41F-33D9-86FA-1C7BBB55156A}.Release|x64.Build.0 = Release|x64
		{9A4F93C6-E41F-33D9-86FA-1C7BBB55156A}.MinSizeRel|x64.ActiveCfg = MinSizeRel|x64
		{9A4F93C6-E41F-33D9-86FA-1C7BBB55156A}.MinSizeRel|x64.Build.0 = MinSizeRel|x64
		{9A4F93C6-E41F-33D9-86FA-1C7BBB55156A}.RelWithDebInfo|x64.ActiveCfg = RelWithDebInfo|x64
		{9A4F93C6-E41F-33D9-86FA-1C7BBB55156A}.RelWithDebInfo|x64.Build.0 = RelWithDebInfo|x64
		{3845FCF0-FF7F-371A-81A0-5003479C64FA}.Debug|x64.ActiveCfg = Debug|x64
		{3845FCF0-FF7F-371A-81A0-5003479C64FA}.Release|x64.ActiveCfg = Release|x64
		{3845FCF0-FF7F-371A-81A0-5003479C64FA}.MinSizeRel|x64.ActiveCfg = MinSizeRel|x64
		{3845FCF0-FF7F-371A-81A0-5003479C64FA}.RelWithDebInfo|x64.ActiveCfg = RelWithDebInfo|x64
		{A6648125-4CB2-363F-88E2-4511EB1796DB}.Debug|x64.ActiveCfg = Debug|x64
		{A6648125-4CB2-363F-88E2-4511EB1796DB}.Debug|x64.Build.0 = Debug|x64
		{A6648125-4CB2-363F-88E2-4511EB1796DB}.Release|x64.ActiveCfg = Release|x64
		{A6648125-4CB2-363F-88E2-4511EB1796DB}.Release|x64.Build.0 = Release|x64
		{A6648125-4CB2-363F-88E2-4511EB1796DB}.MinSizeRel|x64.ActiveCfg = MinSizeRel|x64
		{A6648125-4CB2-363F-88E2-4511EB1796DB}.MinSizeRel|x64.Build.0 = MinSizeRel|x64
		{A6648125-4CB2-363F-88E2-4511EB1796DB}.RelWithDebInfo|x64.ActiveCfg = RelWithDebInfo|x64
		{A6648125-4CB2-363F-88E2-4511EB1796DB}.RelWithDebInfo|x64.Build.0 = RelWithDebInfo|x64
		{51FFF3C2-C8C2-33E4-8BE3-10A9F9D2770A}.Debug|x64.ActiveCfg = Debug|x64
		{51FFF3C2-C8C2-33E4-8BE3-10A9F9D2770A}.Debug|x64.Build.0 = Debug|x64
		{51FFF3C2-C8C2-33E4-8BE3-10A9F9D2770A}.Release|x64.ActiveCfg = Release|x64
		{51FFF3C2-C8C2-33E4-8BE3-10A9F9D2770A}.Release|x64.Build.0 = Release|x64
		{51FFF3C2-C8C2-33E4-8BE3-10A9F9D2770A}.MinSizeRel|x64.ActiveCfg = MinSizeRel|x64
		{51FFF3C2-C8C2-33E4-8BE3-10A9F9D2770A}.MinSizeRel|x64.Build.0 = MinSizeRel|x64
		{51FFF3C2-C8C2-33E4-8BE3-10A9F9D2770A}.RelWithDebInfo|x64.ActiveCfg = RelWithDebInfo|x64
		{51FFF3C2-C8C2-33E4-8BE3-10A9F9D2770A}.RelWithDebInfo|x64.Build.0 = RelWithDebInfo|x64
		{A066215C-46D4-3314-8603-2D488297FAF8}.Debug|x64.ActiveCfg = Debug|x64
		{A066215C-46D4-3314-8603-2D488297FAF8}.Debug|x64.Build.0 = Debug|x64
		{A066215C-46D4-3314-8603-2D488297FAF8}.Release|x64.ActiveCfg = Release|x64
		{A066215C-46D4-3314-8603-2D488297FAF8}.Release|x64.Build.0 = Release|x64
		{A066215C-46D4-3314-8603-2D488297FAF8}.MinSizeRel|x64.ActiveCfg = MinSizeRel|x64
		{A066215C-46D4-3314-8603-2D488297FAF8}.MinSizeRel|x64.Build.0 = MinSizeRel|x64
		{A066215C-46D4-3314-8603-2D488297FAF8}.RelWithDebInfo|x64.ActiveCfg = RelWithDebInfo|x64
		{A066215C-46D4-3314-8603-2D488297FAF8}.RelWithDebInfo|x64.Build.0 = RelWithDebInfo|x64
		{FE46B63C-F1E8-3438-8B50-4488ABB07189}.Debug|x64.ActiveCfg = Debug|x64
		{FE46B63C-F1E8-3438-8B50-4488ABB07189}.Debug|x64.Build.0 = Debug|x64
		{FE46B63C-F1E8-3438-8B50-4488ABB07189}.Release|x64.ActiveCfg = Release|x64
		{FE46B63C-F1E8-3438-8B50-4488ABB07189}.Release|x64.Build.0 = Release|x64
		{FE46B63C-F1E8-3438-8B50-4488ABB07189}.MinSizeRel|x64.ActiveCfg = MinSizeRel|x64
		{FE46B63C-F1E8-3438-8B50-4488ABB07189}.MinSizeRel|x64.Build.0 = MinSizeRel|x64
		{FE46B63C-F1E8-3438-8B50-4488ABB07189}.RelWithDebInfo|x64.ActiveCfg = RelWithDebInfo|x64
		{FE46B63C-F1E8-3438-8B50-4488ABB07189}.RelWithDebInfo|x64.Build.0 = RelWithDebInfo|x64
		{E13096B7-C062-33D3-A5E2-A30416AA4539}.Debug|x64.ActiveCfg = Debug|x64
		{E13096B7-C062-33D3-A5E2-A30416AA4539}.Debug|x64.Build.0 = Debug|x64
		{E13096B7-C062-33D3-A5E2-A30416AA4539}.Release|x64.ActiveCfg = Release|x64
		{E13096B7-C062-33D3-A5E2-A30416AA4539}.Release|x64.Build.0 = Release|x64
		{E13096B7-C062-33D3-A5E2-A30416AA4539}.MinSizeRel|x64.ActiveCfg = MinSizeRel|x64
		{E13096B7-C062-33D3-A5E2-A30416AA4539}.MinSizeRel|x64.Build.0 = MinSizeRel|x64
		{E13096B7-C062-33D3-A5E2-A30416AA4539}.RelWithDebInfo|x64.ActiveCfg = RelWithDebInfo|x64
		{E13096B7-C062-33D3-A5E2-A30416AA4539}.RelWithDebInfo|x64.Build.0 = RelWithDebInfo|x64
	EndGlobalSection
	GlobalSection(NestedProjects) = preSolution
		{51FFF3C2-C8C2-33E4-8BE3-10A9F9D2770A} = {E18A4B5E-AFDA-3764-90F3-9E9F56AFCC2D}
		{9A4F93C6-E41F-33D9-86FA-1C7BBB55156A} = {A8E5ABF1-38FC-3518-9C05-5D978FD10B95}
		{3845FCF0-FF7F-371A-81A0-5003479C64FA} = {A8E5ABF1-38FC-3518-9C05-5D978FD10B95}
		{A6648125-4CB2-363F-88E2-4511EB1796DB} = {A8E5ABF1-38FC-3518-9C05-5D978FD10B95}
		{E13096B7-C062-33D3-A5E2-A30416AA4539} = {4B2B83D1-3E89-31CD-B384-D25E3AD01148}
		{A066215C-46D4-3314-8603-2D488297FAF8} = {E91D0DDF-00B7-333E-B8F7-1E33BB419C94}
		{FE46B63C-F1E8-3438-8B50-4488ABB07189} = {E91D0DDF-00B7-333E-B8F7-1E33BB419C94}
	EndGlobalSection
	GlobalSection(ExtensibilityGlobals) = postSolution
		SolutionGuid = {C44AF4B0-947C-3A3E-9A87-D1AB68A21ED7}
	EndGlobalSection
	GlobalSection(ExtensibilityAddIns) = postSolution
	EndGlobalSection
EndGlobal
