Microsoft Visual Studio Solution File, Format Version 12.00
# Visual Studio 15
Project("{2150E333-8FDC-42A3-9474-1A3956D46DE8}") = "3rd Party", "3rd Party", "{E18A4B5E-AFDA-3764-90F3-9E9F56AFCC2D}"
EndProject
Project("{2150E333-8FDC-42A3-9474-1A3956D46DE8}") = "CMakePredefinedTargets", "CMakePredefinedTargets", "{A8E5ABF1-38FC-3518-9C05-5D978FD10B95}"
EndProject
Project("{2150E333-8FDC-42A3-9474-1A3956D46DE8}") = "Library", "Library", "{E91D0DDF-00B7-333E-B8F7-1E33BB419C94}"
EndProject
Project("{2150E333-8FDC-42A3-9474-1A3956D46DE8}") = "Tools", "Tools", "{68F02C74-B89B-3254-BDF2-8D6630580554}"
EndProject
Project("{8BC9CEB8-8B4A-11D0-8D11-00A0C91BC942}") = "ALL_BUILD", "ALL_BUILD.vcxproj", "{9A4F93C6-E41F-33D9-86FA-1C7BBB55156A}"
	ProjectSection(ProjectDependencies) = postProject
		{A6648125-4CB2-363F-88E2-4511EB1796DB} = {A6648125-4CB2-363F-88E2-4511EB1796DB}
		{48CF6ABE-B50A-3EF4-A63C-39C7300A8C63} = {48CF6ABE-B50A-3EF4-A63C-39C7300A8C63}
		{26FD884F-407C-3741-81E1-DFFC9021D78F} = {26FD884F-407C-3741-81E1-DFFC9021D78F}
		{ABF05AE5-E605-3C5E-822A-5C674916ABE7} = {ABF05AE5-E605-3C5E-822A-5C674916ABE7}
		{AEDEF3EC-80EA-3163-AE0B-0FDF75C2184C} = {AEDEF3EC-80EA-3163-AE0B-0FDF75C2184C}
		{44F95BB6-9BFD-3835-9E0C-FDCD09A9B3C0} = {44F95BB6-9BFD-3835-9E0C-FDCD09A9B3C0}
		{E68C9A90-BD58-3175-BF7D-89348B7DA632} = {E68C9A90-BD58-3175-BF7D-89348B7DA632}
		{515438CD-6D3D-3264-B107-E7902BAA21D1} = {515438CD-6D3D-3264-B107-E7902BAA21D1}
		{74703972-133A-3A42-B6FE-A727EFCD37C9} = {74703972-133A-3A42-B6FE-A727EFCD37C9}
	EndProjectSection
EndProject
Project("{8BC9CEB8-8B4A-11D0-8D11-00A0C91BC942}") = "INSTALL", "INSTALL.vcxproj", "{3845FCF0-FF7F-371A-81A0-5003479C64FA}"
	ProjectSection(ProjectDependencies) = postProject
		{9A4F93C6-E41F-33D9-86FA-1C7BBB55156A} = {9A4F93C6-E41F-33D9-86FA-1C7BBB55156A}
		{A6648125-4CB2-363F-88E2-4511EB1796DB} = {A6648125-4CB2-363F-88E2-4511EB1796DB}
	EndProjectSection
EndProject
Project("{8BC9CEB8-8B4A-11D0-8D11-00A0C91BC942}") = "ZERO_CHECK", "..\\ZERO_CHECK.vcxproj", "{A6648125-4CB2-363F-88E2-4511EB1796DB}"
	ProjectSection(ProjectDependencies) = postProject
	EndProjectSection
EndProject
Project("{8BC9CEB8-8B4A-11D0-8D11-00A0C91BC942}") = "glfw3", "..\third-party\glfw\glfw3.vcxproj", "{51FFF3C2-C8C2-33E4-8BE3-10A9F9D2770A}"
	ProjectSection(ProjectDependencies) = postProject
		{A6648125-4CB2-363F-88E2-4511EB1796DB} = {A6648125-4CB2-363F-88E2-4511EB1796DB}
	EndProjectSection
EndProject
Project("{8BC9CEB8-8B4A-11D0-8D11-00A0C91BC942}") = "realsense-file", "..\third-party\realsense-file\realsense-file.vcxproj", "{A066215C-46D4-3314-8603-2D488297FAF8}"
	ProjectSection(ProjectDependencies) = postProject
		{A6648125-4CB2-363F-88E2-4511EB1796DB} = {A6648125-4CB2-363F-88E2-4511EB1796DB}
	EndProjectSection
EndProject
Project("{8BC9CEB8-8B4A-11D0-8D11-00A0C91BC942}") = "realsense-viewer", "realsense-viewer\realsense-viewer.vcxproj", "{48CF6ABE-B50A-3EF4-A63C-39C7300A8C63}"
	ProjectSection(ProjectDependencies) = postProject
		{A6648125-4CB2-363F-88E2-4511EB1796DB} = {A6648125-4CB2-363F-88E2-4511EB1796DB}
		{51FFF3C2-C8C2-33E4-8BE3-10A9F9D2770A} = {51FFF3C2-C8C2-33E4-8BE3-10A9F9D2770A}
		{FE46B63C-F1E8-3438-8B50-4488ABB07189} = {FE46B63C-F1E8-3438-8B50-4488ABB07189}
	EndProjectSection
EndProject
Project("{8BC9CEB8-8B4A-11D0-8D11-00A0C91BC942}") = "realsense2", "..\\realsense2.vcxproj", "{FE46B63C-F1E8-3438-8B50-4488ABB07189}"
	ProjectSection(ProjectDependencies) = postProject
		{A6648125-4CB2-363F-88E2-4511EB1796DB} = {A6648125-4CB2-363F-88E2-4511EB1796DB}
		{A066215C-46D4-3314-8603-2D488297FAF8} = {A066215C-46D4-3314-8603-2D488297FAF8}
	EndProjectSection
EndProject
Project("{8BC9CEB8-8B4A-11D0-8D11-00A0C91BC942}") = "rs-convert", "convert\rs-convert.vcxproj", "{26FD884F-407C-3741-81E1-DFFC9021D78F}"
	ProjectSection(ProjectDependencies) = postProject
		{A6648125-4CB2-363F-88E2-4511EB1796DB} = {A6648125-4CB2-363F-88E2-4511EB1796DB}
		{51FFF3C2-C8C2-33E4-8BE3-10A9F9D2770A} = {51FFF3C2-C8C2-33E4-8BE3-10A9F9D2770A}
		{FE46B63C-F1E8-3438-8B50-4488ABB07189} = {FE46B63C-F1E8-3438-8B50-4488ABB07189}
	EndProjectSection
EndProject
Project("{8BC9CEB8-8B4A-11D0-8D11-00A0C91BC942}") = "rs-data-collect", "data-collect\rs-data-collect.vcxproj", "{ABF05AE5-E605-3C5E-822A-5C674916ABE7}"
	ProjectSection(ProjectDependencies) = postProject
		{A6648125-4CB2-363F-88E2-4511EB1796DB} = {A6648125-4CB2-363F-88E2-4511EB1796DB}
		{51FFF3C2-C8C2-33E4-8BE3-10A9F9D2770A} = {51FFF3C2-C8C2-33E4-8BE3-10A9F9D2770A}
		{FE46B63C-F1E8-3438-8B50-4488ABB07189} = {FE46B63C-F1E8-3438-8B50-4488ABB07189}
	EndProjectSection
EndProject
Project("{8BC9CEB8-8B4A-11D0-8D11-00A0C91BC942}") = "rs-depth-quality", "depth-quality\rs-depth-quality.vcxproj", "{AEDEF3EC-80EA-3163-AE0B-0FDF75C2184C}"
	ProjectSection(ProjectDependencies) = postProject
		{A6648125-4CB2-363F-88E2-4511EB1796DB} = {A6648125-4CB2-363F-88E2-4511EB1796DB}
		{51FFF3C2-C8C2-33E4-8BE3-10A9F9D2770A} = {51FFF3C2-C8C2-33E4-8BE3-10A9F9D2770A}
		{FE46B63C-F1E8-3438-8B50-4488ABB07189} = {FE46B63C-F1E8-3438-8B50-4488ABB07189}
	EndProjectSection
EndProject
Project("{8BC9CEB8-8B4A-11D0-8D11-00A0C91BC942}") = "rs-enumerate-devices", "enumerate-devices\rs-enumerate-devices.vcxproj", "{44F95BB6-9BFD-3835-9E0C-FDCD09A9B3C0}"
	ProjectSection(ProjectDependencies) = postProject
		{A6648125-4CB2-363F-88E2-4511EB1796DB} = {A6648125-4CB2-363F-88E2-4511EB1796DB}
		{51FFF3C2-C8C2-33E4-8BE3-10A9F9D2770A} = {51FFF3C2-C8C2-33E4-8BE3-10A9F9D2770A}
		{FE46B63C-F1E8-3438-8B50-4488ABB07189} = {FE46B63C-F1E8-3438-8B50-4488ABB07189}
	EndProjectSection
EndProject
Project("{8BC9CEB8-8B4A-11D0-8D11-00A0C91BC942}") = "rs-fw-logger", "fw-logger\rs-fw-logger.vcxproj", "{E68C9A90-BD58-3175-BF7D-89348B7DA632}"
	ProjectSection(ProjectDependencies) = postProject
		{A6648125-4CB2-363F-88E2-4511EB1796DB} = {A6648125-4CB2-363F-88E2-4511EB1796DB}
		{51FFF3C2-C8C2-33E4-8BE3-10A9F9D2770A} = {51FFF3C2-C8C2-33E4-8BE3-10A9F9D2770A}
		{FE46B63C-F1E8-3438-8B50-4488ABB07189} = {FE46B63C-F1E8-3438-8B50-4488ABB07189}
	EndProjectSection
EndProject
Project("{8BC9CEB8-8B4A-11D0-8D11-00A0C91BC942}") = "rs-rosbag-inspector", "rosbag-inspector\rs-rosbag-inspector.vcxproj", "{515438CD-6D3D-3264-B107-E7902BAA21D1}"
	ProjectSection(ProjectDependencies) = postProject
		{A6648125-4CB2-363F-88E2-4511EB1796DB} = {A6648125-4CB2-363F-88E2-4511EB1796DB}
		{51FFF3C2-C8C2-33E4-8BE3-10A9F9D2770A} = {51FFF3C2-C8C2-33E4-8BE3-10A9F9D2770A}
		{A066215C-46D4-3314-8603-2D488297FAF8} = {A066215C-46D4-3314-8603-2D488297FAF8}
		{FE46B63C-F1E8-3438-8B50-4488ABB07189} = {FE46B63C-F1E8-3438-8B50-4488ABB07189}
	EndProjectSection
EndProject
Project("{8BC9CEB8-8B4A-11D0-8D11-00A0C91BC942}") = "rs-terminal", "terminal\rs-terminal.vcxproj", "{74703972-133A-3A42-B6FE-A727EFCD37C9}"
	ProjectSection(ProjectDependencies) = postProject
		{A6648125-4CB2-363F-88E2-4511EB1796DB} = {A6648125-4CB2-363F-88E2-4511EB1796DB}
		{51FFF3C2-C8C2-33E4-8BE3-10A9F9D2770A} = {51FFF3C2-C8C2-33E4-8BE3-10A9F9D2770A}
		{FE46B63C-F1E8-3438-8B50-4488ABB07189} = {FE46B63C-F1E8-3438-8B50-4488ABB07189}
	EndProjectSection
EndProject
Global
	GlobalSection(SolutionConfigurationPlatforms) = preSolution
		Debug|x64 = Debug|x64
		Release|x64 = Release|x64
		MinSizeRel|x64 = MinSizeRel|x64
		RelWithDebInfo|x64 = RelWithDebInfo|x64
	EndGlobalSection
	GlobalSection(ProjectConfigurationPlatforms) = postSolution
		{9A4F93C6-E41F-33D9-86FA-1C7BBB55156A}.Debug|x64.ActiveCfg = Debug|x64
		{9A4F93C6-E41F-33D9-86FA-1C7BBB55156A}.Debug|x64.Build.0 = Debug|x64
		{9A4F93C6-E41F-33D9-86FA-1C7BBB55156A}.Release|x64.ActiveCfg = Release|x64
		{9A4F93C6-E41F-33D9-86FA-1C7BBB55156A}.Release|x64.Build.0 = Release|x64
		{9A4F93C6-E41F-33D9-86FA-1C7BBB55156A}.MinSizeRel|x64.ActiveCfg = MinSizeRel|x64
		{9A4F93C6-E41F-33D9-86FA-1C7BBB55156A}.MinSizeRel|x64.Build.0 = MinSizeRel|x64
		{9A4F93C6-E41F-33D9-86FA-1C7BBB55156A}.RelWithDebInfo|x64.ActiveCfg = RelWithDebInfo|x64
		{9A4F93C6-E41F-33D9-86FA-1C7BBB55156A}.RelWithDebInfo|x64.Build.0 = RelWithDebInfo|x64
		{3845FCF0-FF7F-371A-81A0-5003479C64FA}.Debug|x64.ActiveCfg = Debug|x64
		{3845FCF0-FF7F-371A-81A0-5003479C64FA}.Release|x64.ActiveCfg = Release|x64
		{3845FCF0-FF7F-371A-81A0-5003479C64FA}.MinSizeRel|x64.ActiveCfg = MinSizeRel|x64
		{3845FCF0-FF7F-371A-81A0-5003479C64FA}.RelWithDebInfo|x64.ActiveCfg = RelWithDebInfo|x64
		{A6648125-4CB2-363F-88E2-4511EB1796DB}.Debug|x64.ActiveCfg = Debug|x64
		{A6648125-4CB2-363F-88E2-4511EB1796DB}.Debug|x64.Build.0 = Debug|x64
		{A6648125-4CB2-363F-88E2-4511EB1796DB}.Release|x64.ActiveCfg = Release|x64
		{A6648125-4CB2-363F-88E2-4511EB1796DB}.Release|x64.Build.0 = Release|x64
		{A6648125-4CB2-363F-88E2-4511EB1796DB}.MinSizeRel|x64.ActiveCfg = MinSizeRel|x64
		{A6648125-4CB2-363F-88E2-4511EB1796DB}.MinSizeRel|x64.Build.0 = MinSizeRel|x64
		{A6648125-4CB2-363F-88E2-4511EB1796DB}.RelWithDebInfo|x64.ActiveCfg = RelWithDebInfo|x64
		{A6648125-4CB2-363F-88E2-4511EB1796DB}.RelWithDebInfo|x64.Build.0 = RelWithDebInfo|x64
		{51FFF3C2-C8C2-33E4-8BE3-10A9F9D2770A}.Debug|x64.ActiveCfg = Debug|x64
		{51FFF3C2-C8C2-33E4-8BE3-10A9F9D2770A}.Debug|x64.Build.0 = Debug|x64
		{51FFF3C2-C8C2-33E4-8BE3-10A9F9D2770A}.Release|x64.ActiveCfg = Release|x64
		{51FFF3C2-C8C2-33E4-8BE3-10A9F9D2770A}.Release|x64.Build.0 = Release|x64
		{51FFF3C2-C8C2-33E4-8BE3-10A9F9D2770A}.MinSizeRel|x64.ActiveCfg = MinSizeRel|x64
		{51FFF3C2-C8C2-33E4-8BE3-10A9F9D2770A}.MinSizeRel|x64.Build.0 = MinSizeRel|x64
		{51FFF3C2-C8C2-33E4-8BE3-10A9F9D2770A}.RelWithDebInfo|x64.ActiveCfg = RelWithDebInfo|x64
		{51FFF3C2-C8C2-33E4-8BE3-10A9F9D2770A}.RelWithDebInfo|x64.Build.0 = RelWithDebInfo|x64
		{A066215C-46D4-3314-8603-2D488297FAF8}.Debug|x64.ActiveCfg = Debug|x64
		{A066215C-46D4-3314-8603-2D488297FAF8}.Debug|x64.Build.0 = Debug|x64
		{A066215C-46D4-3314-8603-2D488297FAF8}.Release|x64.ActiveCfg = Release|x64
		{A066215C-46D4-3314-8603-2D488297FAF8}.Release|x64.Build.0 = Release|x64
		{A066215C-46D4-3314-8603-2D488297FAF8}.MinSizeRel|x64.ActiveCfg = MinSizeRel|x64
		{A066215C-46D4-3314-8603-2D488297FAF8}.MinSizeRel|x64.Build.0 = MinSizeRel|x64
		{A066215C-46D4-3314-8603-2D488297FAF8}.RelWithDebInfo|x64.ActiveCfg = RelWithDebInfo|x64
		{A066215C-46D4-3314-8603-2D488297FAF8}.RelWithDebInfo|x64.Build.0 = RelWithDebInfo|x64
		{48CF6ABE-B50A-3EF4-A63C-39C7300A8C63}.Debug|x64.ActiveCfg = Debug|x64
		{48CF6ABE-B50A-3EF4-A63C-39C7300A8C63}.Debug|x64.Build.0 = Debug|x64
		{48CF6ABE-B50A-3EF4-A63C-39C7300A8C63}.Release|x64.ActiveCfg = Release|x64
		{48CF6ABE-B50A-3EF4-A63C-39C7300A8C63}.Release|x64.Build.0 = Release|x64
		{48CF6ABE-B50A-3EF4-A63C-39C7300A8C63}.MinSizeRel|x64.ActiveCfg = MinSizeRel|x64
		{48CF6ABE-B50A-3EF4-A63C-39C7300A8C63}.MinSizeRel|x64.Build.0 = MinSizeRel|x64
		{48CF6ABE-B50A-3EF4-A63C-39C7300A8C63}.RelWithDebInfo|x64.ActiveCfg = RelWithDebInfo|x64
		{48CF6ABE-B50A-3EF4-A63C-39C7300A8C63}.RelWithDebInfo|x64.Build.0 = RelWithDebInfo|x64
		{FE46B63C-F1E8-3438-8B50-4488ABB07189}.Debug|x64.ActiveCfg = Debug|x64
		{FE46B63C-F1E8-3438-8B50-4488ABB07189}.Debug|x64.Build.0 = Debug|x64
		{FE46B63C-F1E8-3438-8B50-4488ABB07189}.Release|x64.ActiveCfg = Release|x64
		{FE46B63C-F1E8-3438-8B50-4488ABB07189}.Release|x64.Build.0 = Release|x64
		{FE46B63C-F1E8-3438-8B50-4488ABB07189}.MinSizeRel|x64.ActiveCfg = MinSizeRel|x64
		{FE46B63C-F1E8-3438-8B50-4488ABB07189}.MinSizeRel|x64.Build.0 = MinSizeRel|x64
		{FE46B63C-F1E8-3438-8B50-4488ABB07189}.RelWithDebInfo|x64.ActiveCfg = RelWithDebInfo|x64
		{FE46B63C-F1E8-3438-8B50-4488ABB07189}.RelWithDebInfo|x64.Build.0 = RelWithDebInfo|x64
		{26FD884F-407C-3741-81E1-DFFC9021D78F}.Debug|x64.ActiveCfg = Debug|x64
		{26FD884F-407C-3741-81E1-DFFC9021D78F}.Debug|x64.Build.0 = Debug|x64
		{26FD884F-407C-3741-81E1-DFFC9021D78F}.Release|x64.ActiveCfg = Release|x64
		{26FD884F-407C-3741-81E1-DFFC9021D78F}.Release|x64.Build.0 = Release|x64
		{26FD884F-407C-3741-81E1-DFFC9021D78F}.MinSizeRel|x64.ActiveCfg = MinSizeRel|x64
		{26FD884F-407C-3741-81E1-DFFC9021D78F}.MinSizeRel|x64.Build.0 = MinSizeRel|x64
		{26FD884F-407C-3741-81E1-DFFC9021D78F}.RelWithDebInfo|x64.ActiveCfg = RelWithDebInfo|x64
		{26FD884F-407C-3741-81E1-DFFC9021D78F}.RelWithDebInfo|x64.Build.0 = RelWithDebInfo|x64
		{ABF05AE5-E605-3C5E-822A-5C674916ABE7}.Debug|x64.ActiveCfg = Debug|x64
		{ABF05AE5-E605-3C5E-822A-5C674916ABE7}.Debug|x64.Build.0 = Debug|x64
		{ABF05AE5-E605-3C5E-822A-5C674916ABE7}.Release|x64.ActiveCfg = Release|x64
		{ABF05AE5-E605-3C5E-822A-5C674916ABE7}.Release|x64.Build.0 = Release|x64
		{ABF05AE5-E605-3C5E-822A-5C674916ABE7}.MinSizeRel|x64.ActiveCfg = MinSizeRel|x64
		{ABF05AE5-E605-3C5E-822A-5C674916ABE7}.MinSizeRel|x64.Build.0 = MinSizeRel|x64
		{ABF05AE5-E605-3C5E-822A-5C674916ABE7}.RelWithDebInfo|x64.ActiveCfg = RelWithDebInfo|x64
		{ABF05AE5-E605-3C5E-822A-5C674916ABE7}.RelWithDebInfo|x64.Build.0 = RelWithDebInfo|x64
		{AEDEF3EC-80EA-3163-AE0B-0FDF75C2184C}.Debug|x64.ActiveCfg = Debug|x64
		{AEDEF3EC-80EA-3163-AE0B-0FDF75C2184C}.Debug|x64.Build.0 = Debug|x64
		{AEDEF3EC-80EA-3163-AE0B-0FDF75C2184C}.Release|x64.ActiveCfg = Release|x64
		{AEDEF3EC-80EA-3163-AE0B-0FDF75C2184C}.Release|x64.Build.0 = Release|x64
		{AEDEF3EC-80EA-3163-AE0B-0FDF75C2184C}.MinSizeRel|x64.ActiveCfg = MinSizeRel|x64
		{AEDEF3EC-80EA-3163-AE0B-0FDF75C2184C}.MinSizeRel|x64.Build.0 = MinSizeRel|x64
		{AEDEF3EC-80EA-3163-AE0B-0FDF75C2184C}.RelWithDebInfo|x64.ActiveCfg = RelWithDebInfo|x64
		{AEDEF3EC-80EA-3163-AE0B-0FDF75C2184C}.RelWithDebInfo|x64.Build.0 = RelWithDebInfo|x64
		{44F95BB6-9BFD-3835-9E0C-FDCD09A9B3C0}.Debug|x64.ActiveCfg = Debug|x64
		{44F95BB6-9BFD-3835-9E0C-FDCD09A9B3C0}.Debug|x64.Build.0 = Debug|x64
		{44F95BB6-9BFD-3835-9E0C-FDCD09A9B3C0}.Release|x64.ActiveCfg = Release|x64
		{44F95BB6-9BFD-3835-9E0C-FDCD09A9B3C0}.Release|x64.Build.0 = Release|x64
		{44F95BB6-9BFD-3835-9E0C-FDCD09A9B3C0}.MinSizeRel|x64.ActiveCfg = MinSizeRel|x64
		{44F95BB6-9BFD-3835-9E0C-FDCD09A9B3C0}.MinSizeRel|x64.Build.0 = MinSizeRel|x64
		{44F95BB6-9BFD-3835-9E0C-FDCD09A9B3C0}.RelWithDebInfo|x64.ActiveCfg = RelWithDebInfo|x64
		{44F95BB6-9BFD-3835-9E0C-FDCD09A9B3C0}.RelWithDebInfo|x64.Build.0 = RelWithDebInfo|x64
		{E68C9A90-BD58-3175-BF7D-89348B7DA632}.Debug|x64.ActiveCfg = Debug|x64
		{E68C9A90-BD58-3175-BF7D-89348B7DA632}.Debug|x64.Build.0 = Debug|x64
		{E68C9A90-BD58-3175-BF7D-89348B7DA632}.Release|x64.ActiveCfg = Release|x64
		{E68C9A90-BD58-3175-BF7D-89348B7DA632}.Release|x64.Build.0 = Release|x64
		{E68C9A90-BD58-3175-BF7D-89348B7DA632}.MinSizeRel|x64.ActiveCfg = MinSizeRel|x64
		{E68C9A90-BD58-3175-BF7D-89348B7DA632}.MinSizeRel|x64.Build.0 = MinSizeRel|x64
		{E68C9A90-BD58-3175-BF7D-89348B7DA632}.RelWithDebInfo|x64.ActiveCfg = RelWithDebInfo|x64
		{E68C9A90-BD58-3175-BF7D-89348B7DA632}.RelWithDebInfo|x64.Build.0 = RelWithDebInfo|x64
		{515438CD-6D3D-3264-B107-E7902BAA21D1}.Debug|x64.ActiveCfg = Debug|x64
		{515438CD-6D3D-3264-B107-E7902BAA21D1}.Debug|x64.Build.0 = Debug|x64
		{515438CD-6D3D-3264-B107-E7902BAA21D1}.Release|x64.ActiveCfg = Release|x64
		{515438CD-6D3D-3264-B107-E7902BAA21D1}.Release|x64.Build.0 = Release|x64
		{515438CD-6D3D-3264-B107-E7902BAA21D1}.MinSizeRel|x64.ActiveCfg = MinSizeRel|x64
		{515438CD-6D3D-3264-B107-E7902BAA21D1}.MinSizeRel|x64.Build.0 = MinSizeRel|x64
		{515438CD-6D3D-3264-B107-E7902BAA21D1}.RelWithDebInfo|x64.ActiveCfg = RelWithDebInfo|x64
		{515438CD-6D3D-3264-B107-E7902BAA21D1}.RelWithDebInfo|x64.Build.0 = RelWithDebInfo|x64
		{74703972-133A-3A42-B6FE-A727EFCD37C9}.Debug|x64.ActiveCfg = Debug|x64
		{74703972-133A-3A42-B6FE-A727EFCD37C9}.Debug|x64.Build.0 = Debug|x64
		{74703972-133A-3A42-B6FE-A727EFCD37C9}.Release|x64.ActiveCfg = Release|x64
		{74703972-133A-3A42-B6FE-A727EFCD37C9}.Release|x64.Build.0 = Release|x64
		{74703972-133A-3A42-B6FE-A727EFCD37C9}.MinSizeRel|x64.ActiveCfg = MinSizeRel|x64
		{74703972-133A-3A42-B6FE-A727EFCD37C9}.MinSizeRel|x64.Build.0 = MinSizeRel|x64
		{74703972-133A-3A42-B6FE-A727EFCD37C9}.RelWithDebInfo|x64.ActiveCfg = RelWithDebInfo|x64
		{74703972-133A-3A42-B6FE-A727EFCD37C9}.RelWithDebInfo|x64.Build.0 = RelWithDebInfo|x64
	EndGlobalSection
	GlobalSection(NestedProjects) = preSolution
		{51FFF3C2-C8C2-33E4-8BE3-10A9F9D2770A} = {E18A4B5E-AFDA-3764-90F3-9E9F56AFCC2D}
		{9A4F93C6-E41F-33D9-86FA-1C7BBB55156A} = {A8E5ABF1-38FC-3518-9C05-5D978FD10B95}
		{3845FCF0-FF7F-371A-81A0-5003479C64FA} = {A8E5ABF1-38FC-3518-9C05-5D978FD10B95}
		{A6648125-4CB2-363F-88E2-4511EB1796DB} = {A8E5ABF1-38FC-3518-9C05-5D978FD10B95}
		{A066215C-46D4-3314-8603-2D488297FAF8} = {E91D0DDF-00B7-333E-B8F7-1E33BB419C94}
		{FE46B63C-F1E8-3438-8B50-4488ABB07189} = {E91D0DDF-00B7-333E-B8F7-1E33BB419C94}
		{48CF6ABE-B50A-3EF4-A63C-39C7300A8C63} = {68F02C74-B89B-3254-BDF2-8D6630580554}
		{26FD884F-407C-3741-81E1-DFFC9021D78F} = {68F02C74-B89B-3254-BDF2-8D6630580554}
		{ABF05AE5-E605-3C5E-822A-5C674916ABE7} = {68F02C74-B89B-3254-BDF2-8D6630580554}
		{AEDEF3EC-80EA-3163-AE0B-0FDF75C2184C} = {68F02C74-B89B-3254-BDF2-8D6630580554}
		{44F95BB6-9BFD-3835-9E0C-FDCD09A9B3C0} = {68F02C74-B89B-3254-BDF2-8D6630580554}
		{E68C9A90-BD58-3175-BF7D-89348B7DA632} = {68F02C74-B89B-3254-BDF2-8D6630580554}
		{515438CD-6D3D-3264-B107-E7902BAA21D1} = {68F02C74-B89B-3254-BDF2-8D6630580554}
		{74703972-133A-3A42-B6FE-A727EFCD37C9} = {68F02C74-B89B-3254-BDF2-8D6630580554}
	EndGlobalSection
	GlobalSection(ExtensibilityGlobals) = postSolution
		SolutionGuid = {1C6CD325-0BA5-3A81-8218-B00BF1A4A14C}
	EndGlobalSection
	GlobalSection(ExtensibilityAddIns) = postSolution
	EndGlobalSection
EndGlobal
